
Microsoft Visual Studio Solution File, Format Version 12.00
# Visual Studio Version 16
VisualStudioVersion = 16.0.29519.87
MinimumVisualStudioVersion = 10.0.40219.1
Project("{FAE04EC0-301F-11D3-BF4B-00C04F79EFBC}") = "IdpServer", "IdpServer\IdpServer.csproj", "{EDBCD3C6-373D-413A-AA46-43EC88C816CC}"
EndProject
Global
	GlobalSection(SolutionConfigurationPlatforms) = preSolution
		Debug|Any CPU = Debug|Any CPU
		Release|Any CPU = Release|Any CPU
	EndGlobalSection
	GlobalSection(ProjectConfigurationPlatforms) = postSolution
		{EDBCD3C6-373D-413A-AA46-43EC88C816CC}.Debug|Any CPU.ActiveCfg = Debug|Any CPU
		{EDBCD3C6-373D-413A-AA46-43EC88C816CC}.Debug|Any CPU.Build.0 = Debug|Any CPU
		{EDBCD3C6-373D-413A-AA46-43EC88C816CC}.Release|Any CPU.ActiveCfg = Release|Any CPU
		{EDBCD3C6-373D-413A-AA46-43EC88C816CC}.Release|Any CPU.Build.0 = Release|Any CPU
	EndGlobalSection
	GlobalSection(SolutionProperties) = preSolution
		HideSolutionNode = FALSE
	EndGlobalSection
	GlobalSection(ExtensibilityGlobals) = postSolution
		SolutionGuid = {A258FE54-CE26-4CA4-9B6E-CFA25D937C18}
	EndGlobalSection
EndGlobal
